
Microsoft Visual Studio Solution File, Format Version 12.00
# Visual Studio Version 17
VisualStudioVersion = 17.0.31903.59
MinimumVisualStudioVersion = 10.0.40219.1
Project("{2150E333-8FDC-42A3-9474-1A3956D46DE8}") = "src", "src", "{B513E15D-A411-4BF4-B1A8-04BAA9B7D1C9}"
EndProject
Project("{FAE04EC0-301F-11D3-BF4B-00C04F79EFBC}") = "AuctionService", "src\AuctionService\AuctionService.csproj", "{91CCA831-5D83-4318-9550-22F0E9BCB4B9}"
EndProject
Global
	GlobalSection(SolutionConfigurationPlatforms) = preSolution
		Debug|Any CPU = Debug|Any CPU
		Release|Any CPU = Release|Any CPU
	EndGlobalSection
	GlobalSection(SolutionProperties) = preSolution
		HideSolutionNode = FALSE
	EndGlobalSection
	GlobalSection(ProjectConfigurationPlatforms) = postSolution
		{91CCA831-5D83-4318-9550-22F0E9BCB4B9}.Debug|Any CPU.ActiveCfg = Debug|Any CPU
		{91CCA831-5D83-4318-9550-22F0E9BCB4B9}.Debug|Any CPU.Build.0 = Debug|Any CPU
		{91CCA831-5D83-4318-9550-22F0E9BCB4B9}.Release|Any CPU.ActiveCfg = Release|Any CPU
		{91CCA831-5D83-4318-9550-22F0E9BCB4B9}.Release|Any CPU.Build.0 = Release|Any CPU
	EndGlobalSection
	GlobalSection(NestedProjects) = preSolution
		{91CCA831-5D83-4318-9550-22F0E9BCB4B9} = {B513E15D-A411-4BF4-B1A8-04BAA9B7D1C9}
	EndGlobalSection
EndGlobal
